// !$*UTF8*$!
{
	archiveVersion = 1;
	classes = {
	};
	objectVersion = 48;
	objects = {

/* Begin PBXBuildFile section */
		01B0AC15B26161F09B8C20AC /* Pods_one.framework in Frameworks */ = {isa = PBXBuildFile; fileRef = 6C40B1959C8EB54B6A3F9CE6 /* Pods_one.framework */; };
		31BE957B20AAE7AF001A8E13 /* AppDelegate.swift in Sources */ = {isa = PBXBuildFile; fileRef = 31BE957A20AAE7AF001A8E13 /* AppDelegate.swift */; };
		31BE957D20AAE7AF001A8E13 /* MainViewController.swift in Sources */ = {isa = PBXBuildFile; fileRef = 31BE957C20AAE7AF001A8E13 /* MainViewController.swift */; };
		31BE958020AAE7B0001A8E13 /* Main.storyboard in Resources */ = {isa = PBXBuildFile; fileRef = 31BE957E20AAE7B0001A8E13 /* Main.storyboard */; };
		31BE958220AAE7B0001A8E13 /* Assets.xcassets in Resources */ = {isa = PBXBuildFile; fileRef = 31BE958120AAE7B0001A8E13 /* Assets.xcassets */; };
		31BE958520AAE7B0001A8E13 /* LaunchScreen.storyboard in Resources */ = {isa = PBXBuildFile; fileRef = 31BE958320AAE7B0001A8E13 /* LaunchScreen.storyboard */; };
		31BE95AF20AC4DB6001A8E13 /* GoogleService-Info.plist in Resources */ = {isa = PBXBuildFile; fileRef = 31BE95AE20AC4DB6001A8E13 /* GoogleService-Info.plist */; };
		31D84C9620AD7003003F36A3 /* WelcomeOne.storyboard in Resources */ = {isa = PBXBuildFile; fileRef = 31D84C9520AD7003003F36A3 /* WelcomeOne.storyboard */; };
		31D84C9E20ADB491003F36A3 /* TabBar.storyboard in Resources */ = {isa = PBXBuildFile; fileRef = 31D84C9D20ADB491003F36A3 /* TabBar.storyboard */; };
		31D84CA020ADB7D9003F36A3 /* PhoneNumber.storyboard in Resources */ = {isa = PBXBuildFile; fileRef = 31D84C9F20ADB7D9003F36A3 /* PhoneNumber.storyboard */; };
		31D84CA220AECA89003F36A3 /* AddEditPhoneNumberController.swift in Sources */ = {isa = PBXBuildFile; fileRef = 31D84CA120AECA89003F36A3 /* AddEditPhoneNumberController.swift */; };
/* End PBXBuildFile section */

/* Begin PBXFileReference section */
		0FD8BA3C1D39B11824D9EF05 /* Pods-one.release.xcconfig */ = {isa = PBXFileReference; includeInIndex = 1; lastKnownFileType = text.xcconfig; name = "Pods-one.release.xcconfig"; path = "Pods/Target Support Files/Pods-one/Pods-one.release.xcconfig"; sourceTree = "<group>"; };
		31BE957720AAE7AF001A8E13 /* one.app */ = {isa = PBXFileReference; explicitFileType = wrapper.application; includeInIndex = 0; path = one.app; sourceTree = BUILT_PRODUCTS_DIR; };
		31BE957A20AAE7AF001A8E13 /* AppDelegate.swift */ = {isa = PBXFileReference; lastKnownFileType = sourcecode.swift; path = AppDelegate.swift; sourceTree = "<group>"; };
		31BE957C20AAE7AF001A8E13 /* MainViewController.swift */ = {isa = PBXFileReference; lastKnownFileType = sourcecode.swift; path = MainViewController.swift; sourceTree = "<group>"; };
		31BE957F20AAE7B0001A8E13 /* Base */ = {isa = PBXFileReference; lastKnownFileType = file.storyboard; name = Base; path = Base.lproj/Main.storyboard; sourceTree = "<group>"; };
		31BE958120AAE7B0001A8E13 /* Assets.xcassets */ = {isa = PBXFileReference; lastKnownFileType = folder.assetcatalog; path = Assets.xcassets; sourceTree = "<group>"; };
		31BE958420AAE7B0001A8E13 /* Base */ = {isa = PBXFileReference; lastKnownFileType = file.storyboard; name = Base; path = Base.lproj/LaunchScreen.storyboard; sourceTree = "<group>"; };
		31BE958620AAE7B0001A8E13 /* Info.plist */ = {isa = PBXFileReference; lastKnownFileType = text.plist.xml; path = Info.plist; sourceTree = "<group>"; };
		31BE95AE20AC4DB6001A8E13 /* GoogleService-Info.plist */ = {isa = PBXFileReference; fileEncoding = 4; lastKnownFileType = text.plist.xml; path = "GoogleService-Info.plist"; sourceTree = SOURCE_ROOT; };
		31D84C9520AD7003003F36A3 /* WelcomeOne.storyboard */ = {isa = PBXFileReference; fileEncoding = 4; lastKnownFileType = file.storyboard; path = WelcomeOne.storyboard; sourceTree = "<group>"; };
		31D84C9D20ADB491003F36A3 /* TabBar.storyboard */ = {isa = PBXFileReference; fileEncoding = 4; lastKnownFileType = file.storyboard; path = TabBar.storyboard; sourceTree = "<group>"; };
		31D84C9F20ADB7D9003F36A3 /* PhoneNumber.storyboard */ = {isa = PBXFileReference; fileEncoding = 4; lastKnownFileType = file.storyboard; path = PhoneNumber.storyboard; sourceTree = "<group>"; };
		31D84CA120AECA89003F36A3 /* AddEditPhoneNumberController.swift */ = {isa = PBXFileReference; lastKnownFileType = sourcecode.swift; path = AddEditPhoneNumberController.swift; sourceTree = "<group>"; };
		68D317BA93CE558FA2868476 /* Pods-one.debug.xcconfig */ = {isa = PBXFileReference; includeInIndex = 1; lastKnownFileType = text.xcconfig; name = "Pods-one.debug.xcconfig"; path = "Pods/Target Support Files/Pods-one/Pods-one.debug.xcconfig"; sourceTree = "<group>"; };
		6C40B1959C8EB54B6A3F9CE6 /* Pods_one.framework */ = {isa = PBXFileReference; explicitFileType = wrapper.framework; includeInIndex = 0; path = Pods_one.framework; sourceTree = BUILT_PRODUCTS_DIR; };
/* End PBXFileReference section */

/* Begin PBXFrameworksBuildPhase section */
		31BE957420AAE7AF001A8E13 /* Frameworks */ = {
			isa = PBXFrameworksBuildPhase;
			buildActionMask = 2147483647;
			files = (
				01B0AC15B26161F09B8C20AC /* Pods_one.framework in Frameworks */,
			);
			runOnlyForDeploymentPostprocessing = 0;
		};
/* End PBXFrameworksBuildPhase section */

/* Begin PBXGroup section */
		31BE956E20AAE7AF001A8E13 = {
			isa = PBXGroup;
			children = (
				31BE957920AAE7AF001A8E13 /* one */,
				31BE957820AAE7AF001A8E13 /* Products */,
				EB9F0935E48733E374002CFB /* Pods */,
				4EED060A2431EEDBE893A3A5 /* Frameworks */,
			);
			sourceTree = "<group>";
		};
		31BE957820AAE7AF001A8E13 /* Products */ = {
			isa = PBXGroup;
			children = (
				31BE957720AAE7AF001A8E13 /* one.app */,
			);
			name = Products;
			sourceTree = "<group>";
		};
		31BE957920AAE7AF001A8E13 /* one */ = {
			isa = PBXGroup;
			children = (
				31D84C9220AD64AF003F36A3 /* ViewControllers */,
				31BE95B220AC5A2C001A8E13 /* Storyboards */,
				31BE95AE20AC4DB6001A8E13 /* GoogleService-Info.plist */,
				31BE957A20AAE7AF001A8E13 /* AppDelegate.swift */,
				31BE958120AAE7B0001A8E13 /* Assets.xcassets */,
				31BE958320AAE7B0001A8E13 /* LaunchScreen.storyboard */,
				31BE958620AAE7B0001A8E13 /* Info.plist */,
			);
			path = one;
			sourceTree = "<group>";
		};
		31BE95B220AC5A2C001A8E13 /* Storyboards */ = {
			isa = PBXGroup;
			children = (
				31D84C9D20ADB491003F36A3 /* TabBar.storyboard */,
				31D84C9720AD7248003F36A3 /* Auth */,
				31BE957E20AAE7B0001A8E13 /* Main.storyboard */,
			);
			path = Storyboards;
			sourceTree = "<group>";
		};
		31D84C9220AD64AF003F36A3 /* ViewControllers */ = {
			isa = PBXGroup;
			children = (
				31BE957C20AAE7AF001A8E13 /* MainViewController.swift */,
				31D84CA120AECA89003F36A3 /* AddEditPhoneNumberController.swift */,
			);
			path = ViewControllers;
			sourceTree = "<group>";
		};
		31D84C9720AD7248003F36A3 /* Auth */ = {
			isa = PBXGroup;
			children = (
				31D84C9520AD7003003F36A3 /* WelcomeOne.storyboard */,
				31D84C9F20ADB7D9003F36A3 /* PhoneNumber.storyboard */,
			);
			path = Auth;
			sourceTree = "<group>";
		};
		4EED060A2431EEDBE893A3A5 /* Frameworks */ = {
			isa = PBXGroup;
			children = (
				6C40B1959C8EB54B6A3F9CE6 /* Pods_one.framework */,
			);
			name = Frameworks;
			sourceTree = "<group>";
		};
		EB9F0935E48733E374002CFB /* Pods */ = {
			isa = PBXGroup;
			children = (
				68D317BA93CE558FA2868476 /* Pods-one.debug.xcconfig */,
				0FD8BA3C1D39B11824D9EF05 /* Pods-one.release.xcconfig */,
			);
			name = Pods;
			sourceTree = "<group>";
		};
/* End PBXGroup section */

/* Begin PBXNativeTarget section */
		31BE957620AAE7AF001A8E13 /* one */ = {
			isa = PBXNativeTarget;
			buildConfigurationList = 31BE958920AAE7B0001A8E13 /* Build configuration list for PBXNativeTarget "one" */;
			buildPhases = (
				8EEDD328C854ABBBEE8CC0DA /* [CP] Check Pods Manifest.lock */,
				31BE957320AAE7AF001A8E13 /* Sources */,
				31BE957420AAE7AF001A8E13 /* Frameworks */,
				31BE957520AAE7AF001A8E13 /* Resources */,
				CCFF14D4B4168C3246A61896 /* [CP] Embed Pods Frameworks */,
			);
			buildRules = (
			);
			dependencies = (
			);
			name = one;
			productName = one;
			productReference = 31BE957720AAE7AF001A8E13 /* one.app */;
			productType = "com.apple.product-type.application";
		};
/* End PBXNativeTarget section */

/* Begin PBXProject section */
		31BE956F20AAE7AF001A8E13 /* Project object */ = {
			isa = PBXProject;
			attributes = {
				LastSwiftUpdateCheck = 0920;
				LastUpgradeCheck = 0920;
				ORGANIZATIONNAME = "Adarsh Hasija";
				TargetAttributes = {
					31BE957620AAE7AF001A8E13 = {
						CreatedOnToolsVersion = 9.2;
						ProvisioningStyle = Automatic;
					};
				};
			};
			buildConfigurationList = 31BE957220AAE7AF001A8E13 /* Build configuration list for PBXProject "one" */;
			compatibilityVersion = "Xcode 8.0";
			developmentRegion = en;
			hasScannedForEncodings = 0;
			knownRegions = (
				en,
				Base,
			);
			mainGroup = 31BE956E20AAE7AF001A8E13;
			productRefGroup = 31BE957820AAE7AF001A8E13 /* Products */;
			projectDirPath = "";
			projectRoot = "";
			targets = (
				31BE957620AAE7AF001A8E13 /* one */,
			);
		};
/* End PBXProject section */

/* Begin PBXResourcesBuildPhase section */
		31BE957520AAE7AF001A8E13 /* Resources */ = {
			isa = PBXResourcesBuildPhase;
			buildActionMask = 2147483647;
			files = (
				31BE958520AAE7B0001A8E13 /* LaunchScreen.storyboard in Resources */,
				31D84C9E20ADB491003F36A3 /* TabBar.storyboard in Resources */,
				31BE95AF20AC4DB6001A8E13 /* GoogleService-Info.plist in Resources */,
				31D84CA020ADB7D9003F36A3 /* PhoneNumber.storyboard in Resources */,
				31BE958220AAE7B0001A8E13 /* Assets.xcassets in Resources */,
				31BE958020AAE7B0001A8E13 /* Main.storyboard in Resources */,
				31D84C9620AD7003003F36A3 /* WelcomeOne.storyboard in Resources */,
			);
			runOnlyForDeploymentPostprocessing = 0;
		};
/* End PBXResourcesBuildPhase section */

/* Begin PBXShellScriptBuildPhase section */
		8EEDD328C854ABBBEE8CC0DA /* [CP] Check Pods Manifest.lock */ = {
			isa = PBXShellScriptBuildPhase;
			buildActionMask = 2147483647;
			files = (
			);
			inputPaths = (
				"${PODS_PODFILE_DIR_PATH}/Podfile.lock",
				"${PODS_ROOT}/Manifest.lock",
			);
			name = "[CP] Check Pods Manifest.lock";
			outputPaths = (
				"$(DERIVED_FILE_DIR)/Pods-one-checkManifestLockResult.txt",
			);
			runOnlyForDeploymentPostprocessing = 0;
			shellPath = /bin/sh;
			shellScript = "diff \"${PODS_PODFILE_DIR_PATH}/Podfile.lock\" \"${PODS_ROOT}/Manifest.lock\" > /dev/null\nif [ $? != 0 ] ; then\n    # print error to STDERR\n    echo \"error: The sandbox is not in sync with the Podfile.lock. Run 'pod install' or update your CocoaPods installation.\" >&2\n    exit 1\nfi\n# This output is used by Xcode 'outputs' to avoid re-running this script phase.\necho \"SUCCESS\" > \"${SCRIPT_OUTPUT_FILE_0}\"\n";
			showEnvVarsInLog = 0;
		};
		CCFF14D4B4168C3246A61896 /* [CP] Embed Pods Frameworks */ = {
			isa = PBXShellScriptBuildPhase;
			buildActionMask = 2147483647;
			files = (
			);
			inputPaths = (
				"${SRCROOT}/Pods/Target Support Files/Pods-one/Pods-one-frameworks.sh",
				"${BUILT_PRODUCTS_DIR}/GTMSessionFetcher/GTMSessionFetcher.framework",
				"${BUILT_PRODUCTS_DIR}/GoogleToolboxForMac/GoogleToolboxForMac.framework",
				"${BUILT_PRODUCTS_DIR}/nanopb/nanopb.framework",
			);
			name = "[CP] Embed Pods Frameworks";
			outputPaths = (
				"${TARGET_BUILD_DIR}/${FRAMEWORKS_FOLDER_PATH}/GTMSessionFetcher.framework",
				"${TARGET_BUILD_DIR}/${FRAMEWORKS_FOLDER_PATH}/GoogleToolboxForMac.framework",
				"${TARGET_BUILD_DIR}/${FRAMEWORKS_FOLDER_PATH}/nanopb.framework",
			);
			runOnlyForDeploymentPostprocessing = 0;
			shellPath = /bin/sh;
			shellScript = "\"${SRCROOT}/Pods/Target Support Files/Pods-one/Pods-one-frameworks.sh\"\n";
			showEnvVarsInLog = 0;
		};
/* End PBXShellScriptBuildPhase section */

/* Begin PBXSourcesBuildPhase section */
		31BE957320AAE7AF001A8E13 /* Sources */ = {
			isa = PBXSourcesBuildPhase;
			buildActionMask = 2147483647;
			files = (
				31BE957D20AAE7AF001A8E13 /* MainViewController.swift in Sources */,
				31D84CA220AECA89003F36A3 /* AddEditPhoneNumberController.swift in Sources */,
				31BE957B20AAE7AF001A8E13 /* AppDelegate.swift in Sources */,
			);
			runOnlyForDeploymentPostprocessing = 0;
		};
/* End PBXSourcesBuildPhase section */

/* Begin PBXVariantGroup section */
		31BE957E20AAE7B0001A8E13 /* Main.storyboard */ = {
			isa = PBXVariantGroup;
			children = (
				31BE957F20AAE7B0001A8E13 /* Base */,
			);
			name = Main.storyboard;
			sourceTree = "<group>";
		};
		31BE958320AAE7B0001A8E13 /* LaunchScreen.storyboard */ = {
			isa = PBXVariantGroup;
			children = (
				31BE958420AAE7B0001A8E13 /* Base */,
			);
			name = LaunchScreen.storyboard;
			sourceTree = "<group>";
		};
/* End PBXVariantGroup section */

/* Begin XCBuildConfiguration section */
		31BE958720AAE7B0001A8E13 /* Debug */ = {
			isa = XCBuildConfiguration;
			buildSettings = {
				ALWAYS_SEARCH_USER_PATHS = NO;
				CLANG_ANALYZER_NONNULL = YES;
				CLANG_ANALYZER_NUMBER_OBJECT_CONVERSION = YES_AGGRESSIVE;
				CLANG_CXX_LANGUAGE_STANDARD = "gnu++14";
				CLANG_CXX_LIBRARY = "libc++";
				CLANG_ENABLE_MODULES = YES;
				CLANG_ENABLE_OBJC_ARC = YES;
				CLANG_WARN_BLOCK_CAPTURE_AUTORELEASING = YES;
				CLANG_WARN_BOOL_CONVERSION = YES;
				CLANG_WARN_COMMA = YES;
				CLANG_WARN_CONSTANT_CONVERSION = YES;
				CLANG_WARN_DIRECT_OBJC_ISA_USAGE = YES_ERROR;
				CLANG_WARN_DOCUMENTATION_COMMENTS = YES;
				CLANG_WARN_EMPTY_BODY = YES;
				CLANG_WARN_ENUM_CONVERSION = YES;
				CLANG_WARN_INFINITE_RECURSION = YES;
				CLANG_WARN_INT_CONVERSION = YES;
				CLANG_WARN_NON_LITERAL_NULL_CONVERSION = YES;
				CLANG_WARN_OBJC_LITERAL_CONVERSION = YES;
				CLANG_WARN_OBJC_ROOT_CLASS = YES_ERROR;
				CLANG_WARN_RANGE_LOOP_ANALYSIS = YES;
				CLANG_WARN_STRICT_PROTOTYPES = YES;
				CLANG_WARN_SUSPICIOUS_MOVE = YES;
				CLANG_WARN_UNGUARDED_AVAILABILITY = YES_AGGRESSIVE;
				CLANG_WARN_UNREACHABLE_CODE = YES;
				CLANG_WARN__DUPLICATE_METHOD_MATCH = YES;
				CODE_SIGN_IDENTITY = "iPhone Developer";
				COPY_PHASE_STRIP = NO;
				DEBUG_INFORMATION_FORMAT = dwarf;
				ENABLE_STRICT_OBJC_MSGSEND = YES;
				ENABLE_TESTABILITY = YES;
				GCC_C_LANGUAGE_STANDARD = gnu11;
				GCC_DYNAMIC_NO_PIC = NO;
				GCC_NO_COMMON_BLOCKS = YES;
				GCC_OPTIMIZATION_LEVEL = 0;
				GCC_PREPROCESSOR_DEFINITIONS = (
					"DEBUG=1",
					"$(inherited)",
				);
				GCC_WARN_64_TO_32_BIT_CONVERSION = YES;
				GCC_WARN_ABOUT_RETURN_TYPE = YES_ERROR;
				GCC_WARN_UNDECLARED_SELECTOR = YES;
				GCC_WARN_UNINITIALIZED_AUTOS = YES_AGGRESSIVE;
				GCC_WARN_UNUSED_FUNCTION = YES;
				GCC_WARN_UNUSED_VARIABLE = YES;
				IPHONEOS_DEPLOYMENT_TARGET = 11.2;
				MTL_ENABLE_DEBUG_INFO = YES;
				ONLY_ACTIVE_ARCH = YES;
				SDKROOT = iphoneos;
				SWIFT_ACTIVE_COMPILATION_CONDITIONS = DEBUG;
				SWIFT_OPTIMIZATION_LEVEL = "-Onone";
			};
			name = Debug;
		};
		31BE958820AAE7B0001A8E13 /* Release */ = {
			isa = XCBuildConfiguration;
			buildSettings = {
				ALWAYS_SEARCH_USER_PATHS = NO;
				CLANG_ANALYZER_NONNULL = YES;
				CLANG_ANALYZER_NUMBER_OBJECT_CONVERSION = YES_AGGRESSIVE;
				CLANG_CXX_LANGUAGE_STANDARD = "gnu++14";
				CLANG_CXX_LIBRARY = "libc++";
				CLANG_ENABLE_MODULES = YES;
				CLANG_ENABLE_OBJC_ARC = YES;
				CLANG_WARN_BLOCK_CAPTURE_AUTORELEASING = YES;
				CLANG_WARN_BOOL_CONVERSION = YES;
				CLANG_WARN_COMMA = YES;
				CLANG_WARN_CONSTANT_CONVERSION = YES;
				CLANG_WARN_DIRECT_OBJC_ISA_USAGE = YES_ERROR;
				CLANG_WARN_DOCUMENTATION_COMMENTS = YES;
				CLANG_WARN_EMPTY_BODY = YES;
				CLANG_WARN_ENUM_CONVERSION = YES;
				CLANG_WARN_INFINITE_RECURSION = YES;
				CLANG_WARN_INT_CONVERSION = YES;
				CLANG_WARN_NON_LITERAL_NULL_CONVERSION = YES;
				CLANG_WARN_OBJC_LITERAL_CONVERSION = YES;
				CLANG_WARN_OBJC_ROOT_CLASS = YES_ERROR;
				CLANG_WARN_RANGE_LOOP_ANALYSIS = YES;
				CLANG_WARN_STRICT_PROTOTYPES = YES;
				CLANG_WARN_SUSPICIOUS_MOVE = YES;
				CLANG_WARN_UNGUARDED_AVAILABILITY = YES_AGGRESSIVE;
				CLANG_WARN_UNREACHABLE_CODE = YES;
				CLANG_WARN__DUPLICATE_METHOD_MATCH = YES;
				CODE_SIGN_IDENTITY = "iPhone Developer";
				COPY_PHASE_STRIP = NO;
				DEBUG_INFORMATION_FORMAT = "dwarf-with-dsym";
				ENABLE_NS_ASSERTIONS = NO;
				ENABLE_STRICT_OBJC_MSGSEND = YES;
				GCC_C_LANGUAGE_STANDARD = gnu11;
				GCC_NO_COMMON_BLOCKS = YES;
				GCC_WARN_64_TO_32_BIT_CONVERSION = YES;
				GCC_WARN_ABOUT_RETURN_TYPE = YES_ERROR;
				GCC_WARN_UNDECLARED_SELECTOR = YES;
				GCC_WARN_UNINITIALIZED_AUTOS = YES_AGGRESSIVE;
				GCC_WARN_UNUSED_FUNCTION = YES;
				GCC_WARN_UNUSED_VARIABLE = YES;
				IPHONEOS_DEPLOYMENT_TARGET = 11.2;
				MTL_ENABLE_DEBUG_INFO = NO;
				SDKROOT = iphoneos;
				SWIFT_OPTIMIZATION_LEVEL = "-Owholemodule";
				VALIDATE_PRODUCT = YES;
			};
			name = Release;
		};
		31BE958A20AAE7B0001A8E13 /* Debug */ = {
			isa = XCBuildConfiguration;
			baseConfigurationReference = 68D317BA93CE558FA2868476 /* Pods-one.debug.xcconfig */;
			buildSettings = {
				ASSETCATALOG_COMPILER_APPICON_NAME = AppIcon;
				CODE_SIGN_STYLE = Automatic;
				INFOPLIST_FILE = one/Info.plist;
				LD_RUNPATH_SEARCH_PATHS = "$(inherited) @executable_path/Frameworks";
				PRODUCT_BUNDLE_IDENTIFIER = com.starsearth.one;
				PRODUCT_NAME = "$(TARGET_NAME)";
				SWIFT_VERSION = 4.0;
				TARGETED_DEVICE_FAMILY = 1;
			};
			name = Debug;
		};
		31BE958B20AAE7B0001A8E13 /* Release */ = {
			isa = XCBuildConfiguration;
			baseConfigurationReference = 0FD8BA3C1D39B11824D9EF05 /* Pods-one.release.xcconfig */;
			buildSettings = {
				ASSETCATALOG_COMPILER_APPICON_NAME = AppIcon;
				CODE_SIGN_STYLE = Automatic;
				INFOPLIST_FILE = one/Info.plist;
				LD_RUNPATH_SEARCH_PATHS = "$(inherited) @executable_path/Frameworks";
				PRODUCT_BUNDLE_IDENTIFIER = com.starsearth.one;
				PRODUCT_NAME = "$(TARGET_NAME)";
				SWIFT_VERSION = 4.0;
				TARGETED_DEVICE_FAMILY = 1;
			};
			name = Release;
		};
/* End XCBuildConfiguration section */

/* Begin XCConfigurationList section */
		31BE957220AAE7AF001A8E13 /* Build configuration list for PBXProject "one" */ = {
			isa = XCConfigurationList;
			buildConfigurations = (
				31BE958720AAE7B0001A8E13 /* Debug */,
				31BE958820AAE7B0001A8E13 /* Release */,
			);
			defaultConfigurationIsVisible = 0;
			defaultConfigurationName = Release;
		};
		31BE958920AAE7B0001A8E13 /* Build configuration list for PBXNativeTarget "one" */ = {
			isa = XCConfigurationList;
			buildConfigurations = (
				31BE958A20AAE7B0001A8E13 /* Debug */,
				31BE958B20AAE7B0001A8E13 /* Release */,
			);
			defaultConfigurationIsVisible = 0;
			defaultConfigurationName = Release;
		};
/* End XCConfigurationList section */
	};
	rootObject = 31BE956F20AAE7AF001A8E13 /* Project object */;
}
